
Microsoft Visual Studio Solution File, Format Version 12.00
# Visual Studio Version 16
VisualStudioVersion = 16.0.29418.71
MinimumVisualStudioVersion = 10.0.40219.1
Project("{FAE04EC0-301F-11D3-BF4B-00C04F79EFBC}") = "FirstTests_on_CS", "FirstTests_on_CS.csproj", "{F13229B6-AF20-4CB6-8A2C-39969E0CEE7F}"
EndProject
Global
	GlobalSection(SolutionConfigurationPlatforms) = preSolution
		Debug|Any CPU = Debug|Any CPU
		Release|Any CPU = Release|Any CPU
	EndGlobalSection
	GlobalSection(ProjectConfigurationPlatforms) = postSolution
		{F13229B6-AF20-4CB6-8A2C-39969E0CEE7F}.Debug|Any CPU.ActiveCfg = Debug|Any CPU
		{F13229B6-AF20-4CB6-8A2C-39969E0CEE7F}.Debug|Any CPU.Build.0 = Debug|Any CPU
		{F13229B6-AF20-4CB6-8A2C-39969E0CEE7F}.Release|Any CPU.ActiveCfg = Release|Any CPU
		{F13229B6-AF20-4CB6-8A2C-39969E0CEE7F}.Release|Any CPU.Build.0 = Release|Any CPU
	EndGlobalSection
	GlobalSection(SolutionProperties) = preSolution
		HideSolutionNode = FALSE
	EndGlobalSection
	GlobalSection(ExtensibilityGlobals) = postSolution
		SolutionGuid = {8BD05E32-213B-43ED-9B33-999C38C6E706}
	EndGlobalSection
EndGlobal
